
Microsoft Visual Studio Solution File, Format Version 12.00
# Visual Studio Version 16
VisualStudioVersion = 16.0.30320.27
MinimumVisualStudioVersion = 10.0.40219.1
Project("{FAE04EC0-301F-11D3-BF4B-00C04F79EFBC}") = "calculator_app", "calculator_app\calculator_app.csproj", "{8F3A71F3-C581-45BF-8B13-4581FC2AC532}"
EndProject
Global
	GlobalSection(SolutionConfigurationPlatforms) = preSolution
		Debug|Any CPU = Debug|Any CPU
		Release|Any CPU = Release|Any CPU
	EndGlobalSection
	GlobalSection(ProjectConfigurationPlatforms) = postSolution
		{8F3A71F3-C581-45BF-8B13-4581FC2AC532}.Debug|Any CPU.ActiveCfg = Debug|Any CPU
		{8F3A71F3-C581-45BF-8B13-4581FC2AC532}.Debug|Any CPU.Build.0 = Debug|Any CPU
		{8F3A71F3-C581-45BF-8B13-4581FC2AC532}.Release|Any CPU.ActiveCfg = Release|Any CPU
		{8F3A71F3-C581-45BF-8B13-4581FC2AC532}.Release|Any CPU.Build.0 = Release|Any CPU
	EndGlobalSection
	GlobalSection(SolutionProperties) = preSolution
		HideSolutionNode = FALSE
	EndGlobalSection
	GlobalSection(ExtensibilityGlobals) = postSolution
		SolutionGuid = {BDC8FCEE-8F98-4B0D-8ADB-AD49A09347AE}
	EndGlobalSection
EndGlobal
